
Microsoft Visual Studio Solution File, Format Version 12.00
# Visual Studio 14
VisualStudioVersion = 14.0.25123.0
MinimumVisualStudioVersion = 10.0.40219.1
Project("{8BC9CEB8-8B4A-11D0-8D11-00A0C91BC942}") = "Lesson1Exercise1 Two Triangles simple", "Lesson1Exercise1 Two Triangles simple\Lesson1Exercise1 Two Triangles simple.vcxproj", "{FC505F18-6B76-42F4-870E-1A82D56E9283}"
EndProject
Project("{8BC9CEB8-8B4A-11D0-8D11-00A0C91BC942}") = "Lesson1Exercise2 Two Triangles Different VAO VBO", "Lesson1Exercise1 Two Triangles Different VAO VBO\Lesson1Exercise1 Two Triangles Different VAO VBO.vcxproj", "{8F67C372-70D9-4C56-8A2A-18849DC5C762}"
EndProject
Project("{8BC9CEB8-8B4A-11D0-8D11-00A0C91BC942}") = "Lesson1Exercies3 Two Triangles Two Shaders", "Lesson1Exercies3 Two Triangles Two Shaders\Lesson1Exercies3 Two Triangles Two Shaders.vcxproj", "{12FCF900-5831-4548-BAB7-6F9E8E53B988}"
EndProject
Project("{8BC9CEB8-8B4A-11D0-8D11-00A0C91BC942}") = "Lesson2 Ex 1 Triangle inverted via shader", "Lesson2 Ex 1 Triangle inverted via shader\Lesson2 Ex 1 Triangle inverted via shader.vcxproj", "{41C15BE2-D104-433F-A1E4-4B76F8973184}"
EndProject
Project("{8BC9CEB8-8B4A-11D0-8D11-00A0C91BC942}") = "Lesson2 Ex 2 Triangle Shader Offset", "Lesson2 Ex 2 Triangle Shader Offset\Lesson2 Ex 2 Triangle Shader Offset.vcxproj", "{F1F9CF3C-D6CE-4E01-A7F6-3073CD1CCA10}"
EndProject
Project("{8BC9CEB8-8B4A-11D0-8D11-00A0C91BC942}") = "Lesson3 Ex1 Textures", "Lesson3 Ex1 Textures\Lesson3 Ex1 Textures.vcxproj", "{0BD46DDE-22D7-47E5-9E3E-AE2F4C0E1584}"
EndProject
Project("{8BC9CEB8-8B4A-11D0-8D11-00A0C91BC942}") = "Helper Headers", "Helper Headers\Lesson2 Shader Helper.vcxproj", "{21F041BF-2B0F-4169-BE56-6E1CAAA14F76}"
EndProject
Project("{8BC9CEB8-8B4A-11D0-8D11-00A0C91BC942}") = "Lesson2 Ex 3 Triangle Shader Variables", "Lesson2 Ex 3 Triangle Shader Variables\Lesson3 Ex 3 Triangle Shader Variables.vcxproj", "{5BBF57F1-7D16-477B-B199-14246F139108}"
EndProject
Project("{8BC9CEB8-8B4A-11D0-8D11-00A0C91BC942}") = "Lesson3 Ex2 Textures Clamped", "Lesson3 Ex2 Textures Clamped\Lesson3 Ex2 Textures Clamped.vcxproj", "{1095CE0D-25D9-4EFE-8D5B-CB37211D22E5}"
EndProject
Project("{8BC9CEB8-8B4A-11D0-8D11-00A0C91BC942}") = "Lesson3 Ex3 Textures Blend Uniform", "Lesson3 Ex3 Textures Blend Uniform\Lesson3 Ex3 Textures Blend Uniform.vcxproj", "{264D1E43-CD99-4443-B01B-9FD59A634219}"
EndProject
Project("{8BC9CEB8-8B4A-11D0-8D11-00A0C91BC942}") = "Lesson4 Ex1 Transformations", "Lesson4 Ex1 Transformations\Lesson4 Ex1 Transformations.vcxproj", "{ACBBF0F9-F077-4E88-9D84-7EDB4BEA75F5}"
EndProject
Project("{8BC9CEB8-8B4A-11D0-8D11-00A0C91BC942}") = "Lesson4 Ex2 Transform Two Figures", "Lesson4 Ex2 Transform Two Figures\Lesson4 Ex2 Transform Two Figures.vcxproj", "{6C676B43-08E2-42B0-B441-F6A21AB24498}"
EndProject
Project("{8BC9CEB8-8B4A-11D0-8D11-00A0C91BC942}") = "Lesson5 Ex1 Coordinate System", "Lesson5 Ex1 Coordinate System\Lesson5 Ex1 Coordinate System.vcxproj", "{F77C21C1-A661-4C31-BB98-8DA9BE8DCE2C}"
EndProject
Global
	GlobalSection(SolutionConfigurationPlatforms) = preSolution
		Debug|x64 = Debug|x64
		Debug|x86 = Debug|x86
		Release|x64 = Release|x64
		Release|x86 = Release|x86
	EndGlobalSection
	GlobalSection(ProjectConfigurationPlatforms) = postSolution
		{FC505F18-6B76-42F4-870E-1A82D56E9283}.Debug|x64.ActiveCfg = Debug|x64
		{FC505F18-6B76-42F4-870E-1A82D56E9283}.Debug|x64.Build.0 = Debug|x64
		{FC505F18-6B76-42F4-870E-1A82D56E9283}.Debug|x86.ActiveCfg = Debug|Win32
		{FC505F18-6B76-42F4-870E-1A82D56E9283}.Debug|x86.Build.0 = Debug|Win32
		{FC505F18-6B76-42F4-870E-1A82D56E9283}.Release|x64.ActiveCfg = Release|x64
		{FC505F18-6B76-42F4-870E-1A82D56E9283}.Release|x64.Build.0 = Release|x64
		{FC505F18-6B76-42F4-870E-1A82D56E9283}.Release|x86.ActiveCfg = Release|Win32
		{FC505F18-6B76-42F4-870E-1A82D56E9283}.Release|x86.Build.0 = Release|Win32
		{8F67C372-70D9-4C56-8A2A-18849DC5C762}.Debug|x64.ActiveCfg = Debug|x64
		{8F67C372-70D9-4C56-8A2A-18849DC5C762}.Debug|x64.Build.0 = Debug|x64
		{8F67C372-70D9-4C56-8A2A-18849DC5C762}.Debug|x86.ActiveCfg = Debug|Win32
		{8F67C372-70D9-4C56-8A2A-18849DC5C762}.Debug|x86.Build.0 = Debug|Win32
		{8F67C372-70D9-4C56-8A2A-18849DC5C762}.Release|x64.ActiveCfg = Release|x64
		{8F67C372-70D9-4C56-8A2A-18849DC5C762}.Release|x64.Build.0 = Release|x64
		{8F67C372-70D9-4C56-8A2A-18849DC5C762}.Release|x86.ActiveCfg = Release|Win32
		{8F67C372-70D9-4C56-8A2A-18849DC5C762}.Release|x86.Build.0 = Release|Win32
		{12FCF900-5831-4548-BAB7-6F9E8E53B988}.Debug|x64.ActiveCfg = Debug|x64
		{12FCF900-5831-4548-BAB7-6F9E8E53B988}.Debug|x64.Build.0 = Debug|x64
		{12FCF900-5831-4548-BAB7-6F9E8E53B988}.Debug|x86.ActiveCfg = Debug|Win32
		{12FCF900-5831-4548-BAB7-6F9E8E53B988}.Debug|x86.Build.0 = Debug|Win32
		{12FCF900-5831-4548-BAB7-6F9E8E53B988}.Release|x64.ActiveCfg = Release|x64
		{12FCF900-5831-4548-BAB7-6F9E8E53B988}.Release|x64.Build.0 = Release|x64
		{12FCF900-5831-4548-BAB7-6F9E8E53B988}.Release|x86.ActiveCfg = Release|Win32
		{12FCF900-5831-4548-BAB7-6F9E8E53B988}.Release|x86.Build.0 = Release|Win32
		{41C15BE2-D104-433F-A1E4-4B76F8973184}.Debug|x64.ActiveCfg = Debug|x64
		{41C15BE2-D104-433F-A1E4-4B76F8973184}.Debug|x64.Build.0 = Debug|x64
		{41C15BE2-D104-433F-A1E4-4B76F8973184}.Debug|x86.ActiveCfg = Debug|Win32
		{41C15BE2-D104-433F-A1E4-4B76F8973184}.Debug|x86.Build.0 = Debug|Win32
		{41C15BE2-D104-433F-A1E4-4B76F8973184}.Release|x64.ActiveCfg = Release|x64
		{41C15BE2-D104-433F-A1E4-4B76F8973184}.Release|x64.Build.0 = Release|x64
		{41C15BE2-D104-433F-A1E4-4B76F8973184}.Release|x86.ActiveCfg = Release|Win32
		{41C15BE2-D104-433F-A1E4-4B76F8973184}.Release|x86.Build.0 = Release|Win32
		{F1F9CF3C-D6CE-4E01-A7F6-3073CD1CCA10}.Debug|x64.ActiveCfg = Debug|x64
		{F1F9CF3C-D6CE-4E01-A7F6-3073CD1CCA10}.Debug|x64.Build.0 = Debug|x64
		{F1F9CF3C-D6CE-4E01-A7F6-3073CD1CCA10}.Debug|x86.ActiveCfg = Debug|Win32
		{F1F9CF3C-D6CE-4E01-A7F6-3073CD1CCA10}.Debug|x86.Build.0 = Debug|Win32
		{F1F9CF3C-D6CE-4E01-A7F6-3073CD1CCA10}.Release|x64.ActiveCfg = Release|x64
		{F1F9CF3C-D6CE-4E01-A7F6-3073CD1CCA10}.Release|x64.Build.0 = Release|x64
		{F1F9CF3C-D6CE-4E01-A7F6-3073CD1CCA10}.Release|x86.ActiveCfg = Release|Win32
		{F1F9CF3C-D6CE-4E01-A7F6-3073CD1CCA10}.Release|x86.Build.0 = Release|Win32
		{0BD46DDE-22D7-47E5-9E3E-AE2F4C0E1584}.Debug|x64.ActiveCfg = Debug|x64
		{0BD46DDE-22D7-47E5-9E3E-AE2F4C0E1584}.Debug|x64.Build.0 = Debug|x64
		{0BD46DDE-22D7-47E5-9E3E-AE2F4C0E1584}.Debug|x86.ActiveCfg = Debug|Win32
		{0BD46DDE-22D7-47E5-9E3E-AE2F4C0E1584}.Debug|x86.Build.0 = Debug|Win32
		{0BD46DDE-22D7-47E5-9E3E-AE2F4C0E1584}.Release|x64.ActiveCfg = Release|x64
		{0BD46DDE-22D7-47E5-9E3E-AE2F4C0E1584}.Release|x64.Build.0 = Release|x64
		{0BD46DDE-22D7-47E5-9E3E-AE2F4C0E1584}.Release|x86.ActiveCfg = Release|Win32
		{0BD46DDE-22D7-47E5-9E3E-AE2F4C0E1584}.Release|x86.Build.0 = Release|Win32
		{21F041BF-2B0F-4169-BE56-6E1CAAA14F76}.Debug|x64.ActiveCfg = Debug|x64
		{21F041BF-2B0F-4169-BE56-6E1CAAA14F76}.Debug|x64.Build.0 = Debug|x64
		{21F041BF-2B0F-4169-BE56-6E1CAAA14F76}.Debug|x86.ActiveCfg = Debug|Win32
		{21F041BF-2B0F-4169-BE56-6E1CAAA14F76}.Debug|x86.Build.0 = Debug|Win32
		{21F041BF-2B0F-4169-BE56-6E1CAAA14F76}.Release|x64.ActiveCfg = Release|x64
		{21F041BF-2B0F-4169-BE56-6E1CAAA14F76}.Release|x64.Build.0 = Release|x64
		{21F041BF-2B0F-4169-BE56-6E1CAAA14F76}.Release|x86.ActiveCfg = Release|Win32
		{21F041BF-2B0F-4169-BE56-6E1CAAA14F76}.Release|x86.Build.0 = Release|Win32
		{5BBF57F1-7D16-477B-B199-14246F139108}.Debug|x64.ActiveCfg = Debug|x64
		{5BBF57F1-7D16-477B-B199-14246F139108}.Debug|x64.Build.0 = Debug|x64
		{5BBF57F1-7D16-477B-B199-14246F139108}.Debug|x86.ActiveCfg = Debug|Win32
		{5BBF57F1-7D16-477B-B199-14246F139108}.Debug|x86.Build.0 = Debug|Win32
		{5BBF57F1-7D16-477B-B199-14246F139108}.Release|x64.ActiveCfg = Release|x64
		{5BBF57F1-7D16-477B-B199-14246F139108}.Release|x64.Build.0 = Release|x64
		{5BBF57F1-7D16-477B-B199-14246F139108}.Release|x86.ActiveCfg = Release|Win32
		{5BBF57F1-7D16-477B-B199-14246F139108}.Release|x86.Build.0 = Release|Win32
		{1095CE0D-25D9-4EFE-8D5B-CB37211D22E5}.Debug|x64.ActiveCfg = Debug|x64
		{1095CE0D-25D9-4EFE-8D5B-CB37211D22E5}.Debug|x64.Build.0 = Debug|x64
		{1095CE0D-25D9-4EFE-8D5B-CB37211D22E5}.Debug|x86.ActiveCfg = Debug|Win32
		{1095CE0D-25D9-4EFE-8D5B-CB37211D22E5}.Debug|x86.Build.0 = Debug|Win32
		{1095CE0D-25D9-4EFE-8D5B-CB37211D22E5}.Release|x64.ActiveCfg = Release|x64
		{1095CE0D-25D9-4EFE-8D5B-CB37211D22E5}.Release|x64.Build.0 = Release|x64
		{1095CE0D-25D9-4EFE-8D5B-CB37211D22E5}.Release|x86.ActiveCfg = Release|Win32
		{1095CE0D-25D9-4EFE-8D5B-CB37211D22E5}.Release|x86.Build.0 = Release|Win32
		{264D1E43-CD99-4443-B01B-9FD59A634219}.Debug|x64.ActiveCfg = Debug|x64
		{264D1E43-CD99-4443-B01B-9FD59A634219}.Debug|x64.Build.0 = Debug|x64
		{264D1E43-CD99-4443-B01B-9FD59A634219}.Debug|x86.ActiveCfg = Debug|Win32
		{264D1E43-CD99-4443-B01B-9FD59A634219}.Debug|x86.Build.0 = Debug|Win32
		{264D1E43-CD99-4443-B01B-9FD59A634219}.Release|x64.ActiveCfg = Release|x64
		{264D1E43-CD99-4443-B01B-9FD59A634219}.Release|x64.Build.0 = Release|x64
		{264D1E43-CD99-4443-B01B-9FD59A634219}.Release|x86.ActiveCfg = Release|Win32
		{264D1E43-CD99-4443-B01B-9FD59A634219}.Release|x86.Build.0 = Release|Win32
		{ACBBF0F9-F077-4E88-9D84-7EDB4BEA75F5}.Debug|x64.ActiveCfg = Debug|x64
		{ACBBF0F9-F077-4E88-9D84-7EDB4BEA75F5}.Debug|x64.Build.0 = Debug|x64
		{ACBBF0F9-F077-4E88-9D84-7EDB4BEA75F5}.Debug|x86.ActiveCfg = Debug|Win32
		{ACBBF0F9-F077-4E88-9D84-7EDB4BEA75F5}.Debug|x86.Build.0 = Debug|Win32
		{ACBBF0F9-F077-4E88-9D84-7EDB4BEA75F5}.Release|x64.ActiveCfg = Release|x64
		{ACBBF0F9-F077-4E88-9D84-7EDB4BEA75F5}.Release|x64.Build.0 = Release|x64
		{ACBBF0F9-F077-4E88-9D84-7EDB4BEA75F5}.Release|x86.ActiveCfg = Release|Win32
		{ACBBF0F9-F077-4E88-9D84-7EDB4BEA75F5}.Release|x86.Build.0 = Release|Win32
		{6C676B43-08E2-42B0-B441-F6A21AB24498}.Debug|x64.ActiveCfg = Debug|x64
		{6C676B43-08E2-42B0-B441-F6A21AB24498}.Debug|x64.Build.0 = Debug|x64
		{6C676B43-08E2-42B0-B441-F6A21AB24498}.Debug|x86.ActiveCfg = Debug|Win32
		{6C676B43-08E2-42B0-B441-F6A21AB24498}.Debug|x86.Build.0 = Debug|Win32
		{6C676B43-08E2-42B0-B441-F6A21AB24498}.Release|x64.ActiveCfg = Release|x64
		{6C676B43-08E2-42B0-B441-F6A21AB24498}.Release|x64.Build.0 = Release|x64
		{6C676B43-08E2-42B0-B441-F6A21AB24498}.Release|x86.ActiveCfg = Release|Win32
		{6C676B43-08E2-42B0-B441-F6A21AB24498}.Release|x86.Build.0 = Release|Win32
		{F77C21C1-A661-4C31-BB98-8DA9BE8DCE2C}.Debug|x64.ActiveCfg = Debug|x64
		{F77C21C1-A661-4C31-BB98-8DA9BE8DCE2C}.Debug|x64.Build.0 = Debug|x64
		{F77C21C1-A661-4C31-BB98-8DA9BE8DCE2C}.Debug|x86.ActiveCfg = Debug|Win32
		{F77C21C1-A661-4C31-BB98-8DA9BE8DCE2C}.Debug|x86.Build.0 = Debug|Win32
		{F77C21C1-A661-4C31-BB98-8DA9BE8DCE2C}.Release|x64.ActiveCfg = Release|x64
		{F77C21C1-A661-4C31-BB98-8DA9BE8DCE2C}.Release|x64.Build.0 = Release|x64
		{F77C21C1-A661-4C31-BB98-8DA9BE8DCE2C}.Release|x86.ActiveCfg = Release|Win32
		{F77C21C1-A661-4C31-BB98-8DA9BE8DCE2C}.Release|x86.Build.0 = Release|Win32
	EndGlobalSection
	GlobalSection(SolutionProperties) = preSolution
		HideSolutionNode = FALSE
	EndGlobalSection
EndGlobal
